
Microsoft Visual Studio Solution File, Format Version 12.00
# Visual Studio 14
VisualStudioVersion = 14.0.25420.1
MinimumVisualStudioVersion = 10.0.40219.1
Project("{FAE04EC0-301F-11D3-BF4B-00C04F79EFBC}") = "hw", "hw\hw.csproj", "{158F9679-603A-4423-A422-4C0392349720}"
EndProject
Project("{FAE04EC0-301F-11D3-BF4B-00C04F79EFBC}") = "Database", "Database\Database.csproj", "{80D1DC1B-2608-42CF-B483-4D549036B02B}"
EndProject
Project("{FAE04EC0-301F-11D3-BF4B-00C04F79EFBC}") = "Web", "Web\Web.csproj", "{EECA6230-28FC-4431-8FC1-D4520A477142}"
EndProject
Global
	GlobalSection(SolutionConfigurationPlatforms) = preSolution
		Debug|Any CPU = Debug|Any CPU
		Release|Any CPU = Release|Any CPU
	EndGlobalSection
	GlobalSection(ProjectConfigurationPlatforms) = postSolution
		{158F9679-603A-4423-A422-4C0392349720}.Debug|Any CPU.ActiveCfg = Debug|Any CPU
		{158F9679-603A-4423-A422-4C0392349720}.Debug|Any CPU.Build.0 = Debug|Any CPU
		{158F9679-603A-4423-A422-4C0392349720}.Release|Any CPU.ActiveCfg = Release|Any CPU
		{158F9679-603A-4423-A422-4C0392349720}.Release|Any CPU.Build.0 = Release|Any CPU
		{80D1DC1B-2608-42CF-B483-4D549036B02B}.Debug|Any CPU.ActiveCfg = Debug|Any CPU
		{80D1DC1B-2608-42CF-B483-4D549036B02B}.Debug|Any CPU.Build.0 = Debug|Any CPU
		{80D1DC1B-2608-42CF-B483-4D549036B02B}.Release|Any CPU.ActiveCfg = Release|Any CPU
		{80D1DC1B-2608-42CF-B483-4D549036B02B}.Release|Any CPU.Build.0 = Release|Any CPU
		{EECA6230-28FC-4431-8FC1-D4520A477142}.Debug|Any CPU.ActiveCfg = Debug|Any CPU
		{EECA6230-28FC-4431-8FC1-D4520A477142}.Debug|Any CPU.Build.0 = Debug|Any CPU
		{EECA6230-28FC-4431-8FC1-D4520A477142}.Release|Any CPU.ActiveCfg = Release|Any CPU
		{EECA6230-28FC-4431-8FC1-D4520A477142}.Release|Any CPU.Build.0 = Release|Any CPU
	EndGlobalSection
	GlobalSection(SolutionProperties) = preSolution
		HideSolutionNode = FALSE
	EndGlobalSection
EndGlobal
